
Microsoft Visual Studio Solution File, Format Version 12.00
# Visual Studio Version 17
VisualStudioVersion = 17.3.32901.215
MinimumVisualStudioVersion = 10.0.40219.1
Project("{FAE04EC0-301F-11D3-BF4B-00C04F79EFBC}") = "UML-class-diagram", "UML-class-diagram\UML-class-diagram.csproj", "{3A823AED-7E4C-4C66-B2A2-F7EE2BD95AC1}"
EndProject
Global
	GlobalSection(SolutionConfigurationPlatforms) = preSolution
		Debug|Any CPU = Debug|Any CPU
		Release|Any CPU = Release|Any CPU
	EndGlobalSection
	GlobalSection(ProjectConfigurationPlatforms) = postSolution
		{3A823AED-7E4C-4C66-B2A2-F7EE2BD95AC1}.Debug|Any CPU.ActiveCfg = Debug|Any CPU
		{3A823AED-7E4C-4C66-B2A2-F7EE2BD95AC1}.Debug|Any CPU.Build.0 = Debug|Any CPU
		{3A823AED-7E4C-4C66-B2A2-F7EE2BD95AC1}.Release|Any CPU.ActiveCfg = Release|Any CPU
		{3A823AED-7E4C-4C66-B2A2-F7EE2BD95AC1}.Release|Any CPU.Build.0 = Release|Any CPU
	EndGlobalSection
	GlobalSection(SolutionProperties) = preSolution
		HideSolutionNode = FALSE
	EndGlobalSection
	GlobalSection(ExtensibilityGlobals) = postSolution
		SolutionGuid = {835FE224-A4E5-40AF-8817-09CC660C3B01}
	EndGlobalSection
EndGlobal
